{
  "version": 4,
  "terraform_version": "1.4.5",
  "serial": 15,
  "lineage": "a1cf1c1e-0488-a757-0bbb-1f678dbda8fc",
  "outputs": {},
  "resources": [
    {
      "mode": "managed",
      "type": "google_compute_network",
      "name": "vpc",
      "provider": "provider[\"registry.terraform.io/hashicorp/google\"]",
      "instances": [
        {
          "schema_version": 0,
          "attributes": {
            "auto_create_subnetworks": false,
            "delete_default_routes_on_create": false,
            "description": "",
            "enable_ula_internal_ipv6": false,
            "gateway_ipv4": "",
            "id": "projects/iti-gcp-project-390712/global/networks/iti-gcp-project-390712-vpc",
            "internal_ipv6_range": "",
            "mtu": 0,
            "name": "iti-gcp-project-390712-vpc",
            "project": "iti-gcp-project-390712",
            "routing_mode": "REGIONAL",
            "self_link": "https://www.googleapis.com/compute/v1/projects/iti-gcp-project-390712/global/networks/iti-gcp-project-390712-vpc",
            "timeouts": null
          },
          "sensitive_attributes": [],
          "private": "eyJlMmJmYjczMC1lY2FhLTExZTYtOGY4OC0zNDM2M2JjN2M0YzAiOnsiY3JlYXRlIjoxMjAwMDAwMDAwMDAwLCJkZWxldGUiOjEyMDAwMDAwMDAwMDAsInVwZGF0ZSI6MTIwMDAwMDAwMDAwMH19"
        }
      ]
    },
    {
      "mode": "managed",
      "type": "google_compute_subnetwork",
      "name": "subnet",
      "provider": "provider[\"registry.terraform.io/hashicorp/google\"]",
      "instances": [
        {
          "schema_version": 0,
          "attributes": {
            "creation_timestamp": "2023-06-23T05:29:45.475-07:00",
            "description": "",
            "external_ipv6_prefix": "",
            "fingerprint": null,
            "gateway_address": "10.10.0.1",
            "id": "projects/iti-gcp-project-390712/regions/us-central1/subnetworks/iti-gcp-project-390712-subnet",
            "ip_cidr_range": "10.10.0.0/24",
            "ipv6_access_type": "",
            "ipv6_cidr_range": "",
            "log_config": [],
            "name": "iti-gcp-project-390712-subnet",
            "network": "https://www.googleapis.com/compute/v1/projects/iti-gcp-project-390712/global/networks/iti-gcp-project-390712-vpc",
            "private_ip_google_access": false,
            "private_ipv6_google_access": "DISABLE_GOOGLE_ACCESS",
            "project": "iti-gcp-project-390712",
            "purpose": "PRIVATE",
            "region": "us-central1",
            "role": "",
            "secondary_ip_range": [],
            "self_link": "https://www.googleapis.com/compute/v1/projects/iti-gcp-project-390712/regions/us-central1/subnetworks/iti-gcp-project-390712-subnet",
            "stack_type": "IPV4_ONLY",
            "timeouts": null
          },
          "sensitive_attributes": [],
          "private": "eyJlMmJmYjczMC1lY2FhLTExZTYtOGY4OC0zNDM2M2JjN2M0YzAiOnsiY3JlYXRlIjoxMjAwMDAwMDAwMDAwLCJkZWxldGUiOjEyMDAwMDAwMDAwMDAsInVwZGF0ZSI6MTIwMDAwMDAwMDAwMH19",
          "dependencies": [
            "google_compute_network.vpc"
          ]
        }
      ]
    },
    {
      "mode": "managed",
      "type": "google_container_cluster",
      "name": "primary",
      "provider": "provider[\"registry.terraform.io/hashicorp/google\"]",
      "instances": [
        {
          "schema_version": 1,
          "attributes": {
            "addons_config": [
              {
                "cloudrun_config": [],
                "gcp_filestore_csi_driver_config": [],
                "horizontal_pod_autoscaling": [],
                "http_load_balancing": [],
                "network_policy_config": [
                  {
                    "disabled": true
                  }
                ]
              }
            ],
            "authenticator_groups_config": [],
            "cluster_autoscaling": [
              {
                "auto_provisioning_defaults": [],
                "enabled": false,
                "resource_limits": []
              }
            ],
            "cluster_ipv4_cidr": "10.12.0.0/14",
            "confidential_nodes": [],
            "database_encryption": [
              {
                "key_name": "",
                "state": "DECRYPTED"
              }
            ],
            "datapath_provider": "",
            "default_max_pods_per_node": null,
            "default_snat_status": [
              {
                "disabled": false
              }
            ],
            "description": "",
            "dns_config": [],
            "enable_autopilot": false,
            "enable_binary_authorization": false,
            "enable_intranode_visibility": false,
            "enable_kubernetes_alpha": false,
            "enable_legacy_abac": false,
            "enable_shielded_nodes": true,
            "enable_tpu": false,
            "endpoint": "35.202.208.140",
            "id": "projects/iti-gcp-project-390712/locations/us-central1-f/clusters/iti-gcp-project-390712-gke",
            "initial_node_count": 1,
            "ip_allocation_policy": [],
            "label_fingerprint": "a9dc16a7",
            "location": "us-central1-f",
            "logging_config": [
              {
                "enable_components": [
                  "SYSTEM_COMPONENTS",
                  "WORKLOADS"
                ]
              }
            ],
            "logging_service": "logging.googleapis.com/kubernetes",
            "maintenance_policy": [],
            "master_auth": [
              {
                "client_certificate": "",
                "client_certificate_config": [
                  {
                    "issue_client_certificate": false
                  }
                ],
                "client_key": "",
                "cluster_ca_certificate": "LS0tLS1CRUdJTiBDRVJUSUZJQ0FURS0tLS0tCk1JSUVMRENDQXBTZ0F3SUJBZ0lRVEx4WE01YnY5Z1NrbkM5N2Jkejh0REFOQmdrcWhraUc5dzBCQVFzRkFEQXYKTVMwd0t3WURWUVFERXlSaVpqUTFNbUkwWVMwMk5tWmxMVFE1WlRVdE9UazFPUzB4WXpKaFltRTFaR1JrTVRZdwpJQmNOTWpNd05qSXpNVEl3TVRReldoZ1BNakExTXpBMk1UVXhNekF4TkROYU1DOHhMVEFyQmdOVkJBTVRKR0ptCk5EVXlZalJoTFRZMlptVXRORGxsTlMwNU9UVTVMVEZqTW1GaVlUVmtaR1F4TmpDQ0FhSXdEUVlKS29aSWh2Y04KQVFFQkJRQURnZ0dQQURDQ0FZb0NnZ0dCQUo2RTF6a0tzQkZqdjRPVzh6cGIrbXVUMzlieVZnTSsraVFKbkEwOQpXbzBySWdIZGJuelJ2NEZ2L25LZXNMWVhTbHRUNERqUnF4S2R6NThRbmpZeDZZaFA0eTBoT1ZTZXFmVm94N1YxCnhwZmNmekt5NExRbEdLWlB5NThMRGZyZzhnZ0ozZlpjaWc2eGxTTkZlNGpvb2p3MUhzT0JGQjVzTWFZWTlnWWkKbDRydndPNGk5NDJhN0JyR3c3L1RjWGEzb2R6YS90VFR1R1d6RGJQZWc2ZGlXT2V2TFMwbCtjY0ltek5Ob2dnTwpiZHRTVmFoTEQ4TVJIaytNZWNVTHlxeWVOWmdhcEJKdzJFWVBDMXd0UkUyRFlSSlpRMmI0bXZGUS9STTVtenN0ClIrN2UyRmlvdkt6dmJxeTFoY0dvRGpJVUZvWWNkRkZEcFg1YTlWS2FsR0ltSldvczl6S2RLOHBiQXd5QkJqS3gKVFhLVmdBaXJLeGNNRHZUY3ppOWxJNnAwZXV2akUyZ2JrSHVoMEZxT3lVb1F3TzcyYjA1U2lrYW1RSUVTVHlqdQp5bEk4UTc0ZjlUK29kb1NCRnMwOWRGTGFDR2tscE1HajYxZ3FQQ2lyc3JWZnFsYmlnVHU2bGx1ZlN3OU00TFpGCmtvdDVJSnBoYWFPbndSYjFYcU9rU2VyL253SURBUUFCbzBJd1FEQU9CZ05WSFE4QkFmOEVCQU1DQWdRd0R3WUQKVlIwVEFRSC9CQVV3QXdFQi96QWRCZ05WSFE0RUZnUVVEMUpjNjN1Ty96Q0tkc1Z0ZlBzM25PWHVpcjh3RFFZSgpLb1pJaHZjTkFRRUxCUUFEZ2dHQkFITTRBWXFHeENJZlA2MTlqeDRxZE4zRzBkVytOamk0eDhXWTZJbHJHaUxwCnUyWjh6YzdydHZ3WllybG1XaVJFaGNOb0lnZlVKSEhzU0xadXMrMEZCOWpkSTZ2NUtoVmwwZWpEWnZQWlhaOWoKQUJ2ZWlzSzlIQ0FFOVFmcDU5bVdIUUdHbm5qbVR1amVmaktLMy82MjUwNGpLZ3JJTm5aaW1EYmtNejFiUnExQQpFeUxuc1N5WkxSakVtdDBuM2FYcFhxM3A3akNMM2NJVUpIRXFFblFkZ1gvRGdEYno3MFY1Qjg1NVlITlE3bUJ0CklwM3NhekNWQXpNRVJaVStTM3JtWHdITFo4QnF6dWREVjFqai9GdDdEODZEaEdFWlc4bE9BcVNWb21scThHbTQKZGhEVUZ5UGM1aGh3VkhxcGp0TzMxc0Q0cjdBTGlpSzFhWTRYSTVTTS9hZitTSDVxU00rUmhZT3pwY0hlaitiaQpxV1FmTzFFVUhFTnZDcStIbEhIdnlDZEd6RFF4dmk3M1lSTFdrdGl6QmxlblgzditQbHkxYVd2RDBzZXZNbXEvCkVPT0RTT3lQVW1oOVNsa2srdjZkU0VETUkySWk3clE2VkZYTFhycHdoTUM1eWJyOFA0SjhraWRtdmpjekdPS04Kb2RPcEhIRDVueHhzbHVkRTJlVC9zQT09Ci0tLS0tRU5EIENFUlRJRklDQVRFLS0tLS0K"
              }
            ],
            "master_authorized_networks_config": [],
            "master_version": "1.25.8-gke.1000",
            "min_master_version": null,
            "monitoring_config": [
              {
                "enable_components": [
                  "SYSTEM_COMPONENTS"
                ]
              }
            ],
            "monitoring_service": "monitoring.googleapis.com/kubernetes",
            "name": "iti-gcp-project-390712-gke",
            "network": "projects/iti-gcp-project-390712/global/networks/iti-gcp-project-390712-vpc",
            "network_policy": [
              {
                "enabled": false,
                "provider": "PROVIDER_UNSPECIFIED"
              }
            ],
            "networking_mode": "ROUTES",
            "node_config": [],
            "node_locations": [],
            "node_pool": [],
            "node_version": "1.25.8-gke.1000",
            "operation": null,
            "private_cluster_config": [
              {
                "enable_private_endpoint": false,
                "enable_private_nodes": false,
                "master_global_access_config": [
                  {
                    "enabled": false
                  }
                ],
                "master_ipv4_cidr_block": "",
                "peering_name": "",
                "private_endpoint": "10.10.0.6",
                "public_endpoint": "35.202.208.140"
              }
            ],
            "private_ipv6_google_access": "",
            "project": "iti-gcp-project-390712",
            "release_channel": [
              {
                "channel": "REGULAR"
              }
            ],
            "remove_default_node_pool": true,
            "resource_labels": null,
            "resource_usage_export_config": [],
            "self_link": "https://container.googleapis.com/v1/projects/iti-gcp-project-390712/zones/us-central1-f/clusters/iti-gcp-project-390712-gke",
            "services_ipv4_cidr": "10.15.240.0/20",
            "subnetwork": "projects/iti-gcp-project-390712/regions/us-central1/subnetworks/iti-gcp-project-390712-subnet",
            "timeouts": null,
            "tpu_ipv4_cidr_block": "",
            "vertical_pod_autoscaling": [],
            "workload_identity_config": []
          },
          "sensitive_attributes": [],
          "private": "eyJlMmJmYjczMC1lY2FhLTExZTYtOGY4OC0zNDM2M2JjN2M0YzAiOnsiY3JlYXRlIjoyNDAwMDAwMDAwMDAwLCJkZWxldGUiOjI0MDAwMDAwMDAwMDAsInJlYWQiOjI0MDAwMDAwMDAwMDAsInVwZGF0ZSI6MzYwMDAwMDAwMDAwMH0sInNjaGVtYV92ZXJzaW9uIjoiMSJ9",
          "dependencies": [
            "google_compute_network.vpc",
            "google_compute_subnetwork.subnet"
          ]
        }
      ]
    },
    {
      "mode": "managed",
      "type": "google_container_node_pool",
      "name": "primary_nodes",
      "provider": "provider[\"registry.terraform.io/hashicorp/google\"]",
      "instances": [
        {
          "schema_version": 1,
          "attributes": {
            "autoscaling": [],
            "cluster": "iti-gcp-project-390712-gke",
            "id": "projects/iti-gcp-project-390712/locations/us-central1-f/clusters/iti-gcp-project-390712-gke/nodePools/iti-gcp-project-390712-gke",
            "initial_node_count": 2,
            "instance_group_urls": [
              "https://www.googleapis.com/compute/v1/projects/iti-gcp-project-390712/zones/us-central1-f/instanceGroupManagers/gke-iti-gcp-project--iti-gcp-project--87970793-grp"
            ],
            "location": "us-central1-f",
            "managed_instance_group_urls": [
              "https://www.googleapis.com/compute/v1/projects/iti-gcp-project-390712/zones/us-central1-f/instanceGroups/gke-iti-gcp-project--iti-gcp-project--87970793-grp"
            ],
            "management": [
              {
                "auto_repair": true,
                "auto_upgrade": true
              }
            ],
            "max_pods_per_node": null,
            "name": "iti-gcp-project-390712-gke",
            "name_prefix": "",
            "node_config": [
              {
                "boot_disk_kms_key": "",
                "disk_size_gb": 100,
                "disk_type": "pd-balanced",
                "gcfs_config": [],
                "guest_accelerator": [],
                "gvnic": [],
                "image_type": "COS_CONTAINERD",
                "labels": {
                  "env": "iti-gcp-project-390712"
                },
                "local_ssd_count": 0,
                "machine_type": "n1-standard-1",
                "metadata": {
                  "disable-legacy-endpoints": "true"
                },
                "min_cpu_platform": "",
                "node_group": "",
                "oauth_scopes": [
                  "https://www.googleapis.com/auth/logging.write",
                  "https://www.googleapis.com/auth/monitoring"
                ],
                "preemptible": false,
                "service_account": "default",
                "shielded_instance_config": [
                  {
                    "enable_integrity_monitoring": true,
                    "enable_secure_boot": false
                  }
                ],
                "spot": false,
                "tags": [
                  "gke-node",
                  "iti-gcp-project-390712-gke"
                ],
                "taint": [],
                "workload_metadata_config": []
              }
            ],
            "node_count": 2,
            "node_locations": [
              "us-central1-f"
            ],
            "operation": null,
            "project": "iti-gcp-project-390712",
            "timeouts": null,
            "upgrade_settings": [
              {
                "max_surge": 1,
                "max_unavailable": 0
              }
            ],
            "version": "1.25.8-gke.1000"
          },
          "sensitive_attributes": [],
          "private": "eyJlMmJmYjczMC1lY2FhLTExZTYtOGY4OC0zNDM2M2JjN2M0YzAiOnsiY3JlYXRlIjoxODAwMDAwMDAwMDAwLCJkZWxldGUiOjE4MDAwMDAwMDAwMDAsInVwZGF0ZSI6MTgwMDAwMDAwMDAwMH0sInNjaGVtYV92ZXJzaW9uIjoiMSJ9",
          "dependencies": [
            "google_compute_network.vpc",
            "google_compute_subnetwork.subnet",
            "google_container_cluster.primary"
          ]
        }
      ]
    }
  ],
  "check_results": null
}
